
Microsoft Visual Studio Solution File, Format Version 12.00
# Visual Studio 15
VisualStudioVersion = 15.0.27703.2026
MinimumVisualStudioVersion = 10.0.40219.1
Project("{FAE04EC0-301F-11D3-BF4B-00C04F79EFBC}") = "Woof.System", "Woof.System.csproj", "{6AEBA479-5B92-49F9-BE42-6457BE111706}"
EndProject
Global
	GlobalSection(SolutionConfigurationPlatforms) = preSolution
		Debug|Any CPU = Debug|Any CPU
		Release|Any CPU = Release|Any CPU
	EndGlobalSection
	GlobalSection(ProjectConfigurationPlatforms) = postSolution
		{6AEBA479-5B92-49F9-BE42-6457BE111706}.Debug|Any CPU.ActiveCfg = Debug|Any CPU
		{6AEBA479-5B92-49F9-BE42-6457BE111706}.Debug|Any CPU.Build.0 = Debug|Any CPU
		{6AEBA479-5B92-49F9-BE42-6457BE111706}.Release|Any CPU.ActiveCfg = Release|Any CPU
		{6AEBA479-5B92-49F9-BE42-6457BE111706}.Release|Any CPU.Build.0 = Release|Any CPU
	EndGlobalSection
	GlobalSection(SolutionProperties) = preSolution
		HideSolutionNode = FALSE
	EndGlobalSection
	GlobalSection(ExtensibilityGlobals) = postSolution
		SolutionGuid = {5850035F-7B8B-4D6F-A332-D89C5CBD1337}
	EndGlobalSection
EndGlobal
